
Microsoft Visual Studio Solution File, Format Version 12.00
# Visual Studio 2015
Project("{FAE04EC0-301F-11D3-BF4B-00C04F79EFBC}") = "LuaFramework_UGUI-master.CSharp", "LuaFramework_UGUI-master.CSharp.csproj", "{BDEA6091-0AF9-150D-3E1D-40D57472A8B0}"
EndProject
Project("{FAE04EC0-301F-11D3-BF4B-00C04F79EFBC}") = "LuaFramework_UGUI-master.CSharp.Editor", "LuaFramework_UGUI-master.CSharp.Editor.csproj", "{365D31A0-E19D-D0D4-9310-8D18108D9610}"
EndProject
Global
	GlobalSection(SolutionConfigurationPlatforms) = preSolution
		Debug|Any CPU = Debug|Any CPU
		Release|Any CPU = Release|Any CPU
	EndGlobalSection
	GlobalSection(ProjectConfigurationPlatforms) = postSolution
		{BDEA6091-0AF9-150D-3E1D-40D57472A8B0}.Debug|Any CPU.ActiveCfg = Debug|Any CPU
		{BDEA6091-0AF9-150D-3E1D-40D57472A8B0}.Debug|Any CPU.Build.0 = Debug|Any CPU
		{BDEA6091-0AF9-150D-3E1D-40D57472A8B0}.Release|Any CPU.ActiveCfg = Release|Any CPU
		{BDEA6091-0AF9-150D-3E1D-40D57472A8B0}.Release|Any CPU.Build.0 = Release|Any CPU
		{365D31A0-E19D-D0D4-9310-8D18108D9610}.Debug|Any CPU.ActiveCfg = Debug|Any CPU
		{365D31A0-E19D-D0D4-9310-8D18108D9610}.Debug|Any CPU.Build.0 = Debug|Any CPU
		{365D31A0-E19D-D0D4-9310-8D18108D9610}.Release|Any CPU.ActiveCfg = Release|Any CPU
		{365D31A0-E19D-D0D4-9310-8D18108D9610}.Release|Any CPU.Build.0 = Release|Any CPU
	EndGlobalSection
	GlobalSection(SolutionProperties) = preSolution
		HideSolutionNode = FALSE
	EndGlobalSection
EndGlobal
